// !$*UTF8*$!
{
	archiveVersion = 1;
	classes = {
	};
	objectVersion = 50;
	objects = {

/* Begin PBXBuildFile section */
		045A68592698B6D40019E10F /* AppDelegate.swift in Sources */ = {isa = PBXBuildFile; fileRef = 045A68582698B6D40019E10F /* AppDelegate.swift */; };
		045A685B2698B6D40019E10F /* SceneDelegate.swift in Sources */ = {isa = PBXBuildFile; fileRef = 045A685A2698B6D40019E10F /* SceneDelegate.swift */; };
		045A685D2698B6D40019E10F /* ViewController.swift in Sources */ = {isa = PBXBuildFile; fileRef = 045A685C2698B6D40019E10F /* ViewController.swift */; };
		045A68602698B6D40019E10F /* Main.storyboard in Resources */ = {isa = PBXBuildFile; fileRef = 045A685E2698B6D40019E10F /* Main.storyboard */; };
		045A68622698B6D70019E10F /* Assets.xcassets in Resources */ = {isa = PBXBuildFile; fileRef = 045A68612698B6D70019E10F /* Assets.xcassets */; };
		045A68652698B6D70019E10F /* LaunchScreen.storyboard in Resources */ = {isa = PBXBuildFile; fileRef = 045A68632698B6D70019E10F /* LaunchScreen.storyboard */; };
		045A686E2698B7BF0019E10F /* Person.swift in Sources */ = {isa = PBXBuildFile; fileRef = 045A686D2698B7BF0019E10F /* Person.swift */; };
		045A68712698B93E0019E10F /* Protocol.swift in Sources */ = {isa = PBXBuildFile; fileRef = 045A68702698B93E0019E10F /* Protocol.swift */; };
		045A68752698B9C60019E10F /* GreetingPresenter.swift in Sources */ = {isa = PBXBuildFile; fileRef = 045A68742698B9C60019E10F /* GreetingPresenter.swift */; };
		045A68782698C14B0019E10F /* GreetingControllerViewController.swift in Sources */ = {isa = PBXBuildFile; fileRef = 045A68772698C14B0019E10F /* GreetingControllerViewController.swift */; };
/* End PBXBuildFile section */

/* Begin PBXFileReference section */
		045A68552698B6D40019E10F /* MVP_sample.app */ = {isa = PBXFileReference; explicitFileType = wrapper.application; includeInIndex = 0; path = MVP_sample.app; sourceTree = BUILT_PRODUCTS_DIR; };
		045A68582698B6D40019E10F /* AppDelegate.swift */ = {isa = PBXFileReference; lastKnownFileType = sourcecode.swift; path = AppDelegate.swift; sourceTree = "<group>"; };
		045A685A2698B6D40019E10F /* SceneDelegate.swift */ = {isa = PBXFileReference; lastKnownFileType = sourcecode.swift; path = SceneDelegate.swift; sourceTree = "<group>"; };
		045A685C2698B6D40019E10F /* ViewController.swift */ = {isa = PBXFileReference; lastKnownFileType = sourcecode.swift; path = ViewController.swift; sourceTree = "<group>"; };
		045A685F2698B6D40019E10F /* Base */ = {isa = PBXFileReference; lastKnownFileType = file.storyboard; name = Base; path = Base.lproj/Main.storyboard; sourceTree = "<group>"; };
		045A68612698B6D70019E10F /* Assets.xcassets */ = {isa = PBXFileReference; lastKnownFileType = folder.assetcatalog; path = Assets.xcassets; sourceTree = "<group>"; };
		045A68642698B6D70019E10F /* Base */ = {isa = PBXFileReference; lastKnownFileType = file.storyboard; name = Base; path = Base.lproj/LaunchScreen.storyboard; sourceTree = "<group>"; };
		045A68662698B6D70019E10F /* Info.plist */ = {isa = PBXFileReference; lastKnownFileType = text.plist.xml; path = Info.plist; sourceTree = "<group>"; };
		045A686D2698B7BF0019E10F /* Person.swift */ = {isa = PBXFileReference; lastKnownFileType = sourcecode.swift; path = Person.swift; sourceTree = "<group>"; };
		045A68702698B93E0019E10F /* Protocol.swift */ = {isa = PBXFileReference; lastKnownFileType = sourcecode.swift; path = Protocol.swift; sourceTree = "<group>"; };
		045A68742698B9C60019E10F /* GreetingPresenter.swift */ = {isa = PBXFileReference; lastKnownFileType = sourcecode.swift; path = GreetingPresenter.swift; sourceTree = "<group>"; };
		045A68772698C14B0019E10F /* GreetingControllerViewController.swift */ = {isa = PBXFileReference; lastKnownFileType = sourcecode.swift; path = GreetingControllerViewController.swift; sourceTree = "<group>"; };
/* End PBXFileReference section */

/* Begin PBXFrameworksBuildPhase section */
		045A68522698B6D40019E10F /* Frameworks */ = {
			isa = PBXFrameworksBuildPhase;
			buildActionMask = 2147483647;
			files = (
			);
			runOnlyForDeploymentPostprocessing = 0;
		};
/* End PBXFrameworksBuildPhase section */

/* Begin PBXGroup section */
		045A684C2698B6D40019E10F = {
			isa = PBXGroup;
			children = (
				045A68572698B6D40019E10F /* MVP_sample */,
				045A68562698B6D40019E10F /* Products */,
			);
			sourceTree = "<group>";
		};
		045A68562698B6D40019E10F /* Products */ = {
			isa = PBXGroup;
			children = (
				045A68552698B6D40019E10F /* MVP_sample.app */,
			);
			name = Products;
			sourceTree = "<group>";
		};
		045A68572698B6D40019E10F /* MVP_sample */ = {
			isa = PBXGroup;
			children = (
				045A68582698B6D40019E10F /* AppDelegate.swift */,
				045A685A2698B6D40019E10F /* SceneDelegate.swift */,
				045A685C2698B6D40019E10F /* ViewController.swift */,
				045A685E2698B6D40019E10F /* Main.storyboard */,
				045A68612698B6D70019E10F /* Assets.xcassets */,
				045A68632698B6D70019E10F /* LaunchScreen.storyboard */,
				045A68662698B6D70019E10F /* Info.plist */,
				045A686D2698B7BF0019E10F /* Person.swift */,
				045A68702698B93E0019E10F /* Protocol.swift */,
				045A68742698B9C60019E10F /* GreetingPresenter.swift */,
				045A68772698C14B0019E10F /* GreetingControllerViewController.swift */,
			);
			path = MVP_sample;
			sourceTree = "<group>";
		};
/* End PBXGroup section */

/* Begin PBXNativeTarget section */
		045A68542698B6D40019E10F /* MVP_sample */ = {
			isa = PBXNativeTarget;
			buildConfigurationList = 045A68692698B6D70019E10F /* Build configuration list for PBXNativeTarget "MVP_sample" */;
			buildPhases = (
				045A68512698B6D40019E10F /* Sources */,
				045A68522698B6D40019E10F /* Frameworks */,
				045A68532698B6D40019E10F /* Resources */,
			);
			buildRules = (
			);
			dependencies = (
			);
			name = MVP_sample;
			productName = MVP_sample;
			productReference = 045A68552698B6D40019E10F /* MVP_sample.app */;
			productType = "com.apple.product-type.application";
		};
/* End PBXNativeTarget section */

/* Begin PBXProject section */
		045A684D2698B6D40019E10F /* Project object */ = {
			isa = PBXProject;
			attributes = {
				LastSwiftUpdateCheck = 1240;
				LastUpgradeCheck = 1240;
				TargetAttributes = {
					045A68542698B6D40019E10F = {
						CreatedOnToolsVersion = 12.4;
					};
				};
			};
			buildConfigurationList = 045A68502698B6D40019E10F /* Build configuration list for PBXProject "MVP_sample" */;
			compatibilityVersion = "Xcode 9.3";
			developmentRegion = en;
			hasScannedForEncodings = 0;
			knownRegions = (
				en,
				Base,
			);
			mainGroup = 045A684C2698B6D40019E10F;
			productRefGroup = 045A68562698B6D40019E10F /* Products */;
			projectDirPath = "";
			projectRoot = "";
			targets = (
				045A68542698B6D40019E10F /* MVP_sample */,
			);
		};
/* End PBXProject section */

/* Begin PBXResourcesBuildPhase section */
		045A68532698B6D40019E10F /* Resources */ = {
			isa = PBXResourcesBuildPhase;
			buildActionMask = 2147483647;
			files = (
				045A68652698B6D70019E10F /* LaunchScreen.storyboard in Resources */,
				045A68622698B6D70019E10F /* Assets.xcassets in Resources */,
				045A68602698B6D40019E10F /* Main.storyboard in Resources */,
			);
			runOnlyForDeploymentPostprocessing = 0;
		};
/* End PBXResourcesBuildPhase section */

/* Begin PBXSourcesBuildPhase section */
		045A68512698B6D40019E10F /* Sources */ = {
			isa = PBXSourcesBuildPhase;
			buildActionMask = 2147483647;
			files = (
				045A685D2698B6D40019E10F /* ViewController.swift in Sources */,
				045A68752698B9C60019E10F /* GreetingPresenter.swift in Sources */,
				045A68592698B6D40019E10F /* AppDelegate.swift in Sources */,
				045A685B2698B6D40019E10F /* SceneDelegate.swift in Sources */,
				045A68782698C14B0019E10F /* GreetingControllerViewController.swift in Sources */,
				045A686E2698B7BF0019E10F /* Person.swift in Sources */,
				045A68712698B93E0019E10F /* Protocol.swift in Sources */,
			);
			runOnlyForDeploymentPostprocessing = 0;
		};
/* End PBXSourcesBuildPhase section */

/* Begin PBXVariantGroup section */
		045A685E2698B6D40019E10F /* Main.storyboard */ = {
			isa = PBXVariantGroup;
			children = (
				045A685F2698B6D40019E10F /* Base */,
			);
			name = Main.storyboard;
			sourceTree = "<group>";
		};
		045A68632698B6D70019E10F /* LaunchScreen.storyboard */ = {
			isa = PBXVariantGroup;
			children = (
				045A68642698B6D70019E10F /* Base */,
			);
			name = LaunchScreen.storyboard;
			sourceTree = "<group>";
		};
/* End PBXVariantGroup section */

/* Begin XCBuildConfiguration section */
		045A68672698B6D70019E10F /* Debug */ = {
			isa = XCBuildConfiguration;
			buildSettings = {
				ALWAYS_SEARCH_USER_PATHS = NO;
				CLANG_ANALYZER_NONNULL = YES;
				CLANG_ANALYZER_NUMBER_OBJECT_CONVERSION = YES_AGGRESSIVE;
				CLANG_CXX_LANGUAGE_STANDARD = "gnu++14";
				CLANG_CXX_LIBRARY = "libc++";
				CLANG_ENABLE_MODULES = YES;
				CLANG_ENABLE_OBJC_ARC = YES;
				CLANG_ENABLE_OBJC_WEAK = YES;
				CLANG_WARN_BLOCK_CAPTURE_AUTORELEASING = YES;
				CLANG_WARN_BOOL_CONVERSION = YES;
				CLANG_WARN_COMMA = YES;
				CLANG_WARN_CONSTANT_CONVERSION = YES;
				CLANG_WARN_DEPRECATED_OBJC_IMPLEMENTATIONS = YES;
				CLANG_WARN_DIRECT_OBJC_ISA_USAGE = YES_ERROR;
				CLANG_WARN_DOCUMENTATION_COMMENTS = YES;
				CLANG_WARN_EMPTY_BODY = YES;
				CLANG_WARN_ENUM_CONVERSION = YES;
				CLANG_WARN_INFINITE_RECURSION = YES;
				CLANG_WARN_INT_CONVERSION = YES;
				CLANG_WARN_NON_LITERAL_NULL_CONVERSION = YES;
				CLANG_WARN_OBJC_IMPLICIT_RETAIN_SELF = YES;
				CLANG_WARN_OBJC_LITERAL_CONVERSION = YES;
				CLANG_WARN_OBJC_ROOT_CLASS = YES_ERROR;
				CLANG_WARN_QUOTED_INCLUDE_IN_FRAMEWORK_HEADER = YES;
				CLANG_WARN_RANGE_LOOP_ANALYSIS = YES;
				CLANG_WARN_STRICT_PROTOTYPES = YES;
				CLANG_WARN_SUSPICIOUS_MOVE = YES;
				CLANG_WARN_UNGUARDED_AVAILABILITY = YES_AGGRESSIVE;
				CLANG_WARN_UNREACHABLE_CODE = YES;
				CLANG_WARN__DUPLICATE_METHOD_MATCH = YES;
				COPY_PHASE_STRIP = NO;
				DEBUG_INFORMATION_FORMAT = dwarf;
				ENABLE_STRICT_OBJC_MSGSEND = YES;
				ENABLE_TESTABILITY = YES;
				GCC_C_LANGUAGE_STANDARD = gnu11;
				GCC_DYNAMIC_NO_PIC = NO;
				GCC_NO_COMMON_BLOCKS = YES;
				GCC_OPTIMIZATION_LEVEL = 0;
				GCC_PREPROCESSOR_DEFINITIONS = (
					"DEBUG=1",
					"$(inherited)",
				);
				GCC_WARN_64_TO_32_BIT_CONVERSION = YES;
				GCC_WARN_ABOUT_RETURN_TYPE = YES_ERROR;
				GCC_WARN_UNDECLARED_SELECTOR = YES;
				GCC_WARN_UNINITIALIZED_AUTOS = YES_AGGRESSIVE;
				GCC_WARN_UNUSED_FUNCTION = YES;
				GCC_WARN_UNUSED_VARIABLE = YES;
				IPHONEOS_DEPLOYMENT_TARGET = 14.4;
				MTL_ENABLE_DEBUG_INFO = INCLUDE_SOURCE;
				MTL_FAST_MATH = YES;
				ONLY_ACTIVE_ARCH = YES;
				SDKROOT = iphoneos;
				SWIFT_ACTIVE_COMPILATION_CONDITIONS = DEBUG;
				SWIFT_OPTIMIZATION_LEVEL = "-Onone";
			};
			name = Debug;
		};
		045A68682698B6D70019E10F /* Release */ = {
			isa = XCBuildConfiguration;
			buildSettings = {
				ALWAYS_SEARCH_USER_PATHS = NO;
				CLANG_ANALYZER_NONNULL = YES;
				CLANG_ANALYZER_NUMBER_OBJECT_CONVERSION = YES_AGGRESSIVE;
				CLANG_CXX_LANGUAGE_STANDARD = "gnu++14";
				CLANG_CXX_LIBRARY = "libc++";
				CLANG_ENABLE_MODULES = YES;
				CLANG_ENABLE_OBJC_ARC = YES;
				CLANG_ENABLE_OBJC_WEAK = YES;
				CLANG_WARN_BLOCK_CAPTURE_AUTORELEASING = YES;
				CLANG_WARN_BOOL_CONVERSION = YES;
				CLANG_WARN_COMMA = YES;
				CLANG_WARN_CONSTANT_CONVERSION = YES;
				CLANG_WARN_DEPRECATED_OBJC_IMPLEMENTATIONS = YES;
				CLANG_WARN_DIRECT_OBJC_ISA_USAGE = YES_ERROR;
				CLANG_WARN_DOCUMENTATION_COMMENTS = YES;
				CLANG_WARN_EMPTY_BODY = YES;
				CLANG_WARN_ENUM_CONVERSION = YES;
				CLANG_WARN_INFINITE_RECURSION = YES;
				CLANG_WARN_INT_CONVERSION = YES;
				CLANG_WARN_NON_LITERAL_NULL_CONVERSION = YES;
				CLANG_WARN_OBJC_IMPLICIT_RETAIN_SELF = YES;
				CLANG_WARN_OBJC_LITERAL_CONVERSION = YES;
				CLANG_WARN_OBJC_ROOT_CLASS = YES_ERROR;
				CLANG_WARN_QUOTED_INCLUDE_IN_FRAMEWORK_HEADER = YES;
				CLANG_WARN_RANGE_LOOP_ANALYSIS = YES;
				CLANG_WARN_STRICT_PROTOTYPES = YES;
				CLANG_WARN_SUSPICIOUS_MOVE = YES;
				CLANG_WARN_UNGUARDED_AVAILABILITY = YES_AGGRESSIVE;
				CLANG_WARN_UNREACHABLE_CODE = YES;
				CLANG_WARN__DUPLICATE_METHOD_MATCH = YES;
				COPY_PHASE_STRIP = NO;
				DEBUG_INFORMATION_FORMAT = "dwarf-with-dsym";
				ENABLE_NS_ASSERTIONS = NO;
				ENABLE_STRICT_OBJC_MSGSEND = YES;
				GCC_C_LANGUAGE_STANDARD = gnu11;
				GCC_NO_COMMON_BLOCKS = YES;
				GCC_WARN_64_TO_32_BIT_CONVERSION = YES;
				GCC_WARN_ABOUT_RETURN_TYPE = YES_ERROR;
				GCC_WARN_UNDECLARED_SELECTOR = YES;
				GCC_WARN_UNINITIALIZED_AUTOS = YES_AGGRESSIVE;
				GCC_WARN_UNUSED_FUNCTION = YES;
				GCC_WARN_UNUSED_VARIABLE = YES;
				IPHONEOS_DEPLOYMENT_TARGET = 14.4;
				MTL_ENABLE_DEBUG_INFO = NO;
				MTL_FAST_MATH = YES;
				SDKROOT = iphoneos;
				SWIFT_COMPILATION_MODE = wholemodule;
				SWIFT_OPTIMIZATION_LEVEL = "-O";
				VALIDATE_PRODUCT = YES;
			};
			name = Release;
		};
		045A686A2698B6D70019E10F /* Debug */ = {
			isa = XCBuildConfiguration;
			buildSettings = {
				ASSETCATALOG_COMPILER_APPICON_NAME = AppIcon;
				ASSETCATALOG_COMPILER_GLOBAL_ACCENT_COLOR_NAME = AccentColor;
				CODE_SIGN_STYLE = Automatic;
				INFOPLIST_FILE = MVP_sample/Info.plist;
				LD_RUNPATH_SEARCH_PATHS = (
					"$(inherited)",
					"@executable_path/Frameworks",
				);
				PRODUCT_BUNDLE_IDENTIFIER = "Mail.ru.MVP-sample";
				PRODUCT_NAME = "$(TARGET_NAME)";
				SWIFT_VERSION = 5.0;
				TARGETED_DEVICE_FAMILY = "1,2";
			};
			name = Debug;
		};
		045A686B2698B6D70019E10F /* Release */ = {
			isa = XCBuildConfiguration;
			buildSettings = {
				ASSETCATALOG_COMPILER_APPICON_NAME = AppIcon;
				ASSETCATALOG_COMPILER_GLOBAL_ACCENT_COLOR_NAME = AccentColor;
				CODE_SIGN_STYLE = Automatic;
				INFOPLIST_FILE = MVP_sample/Info.plist;
				LD_RUNPATH_SEARCH_PATHS = (
					"$(inherited)",
					"@executable_path/Frameworks",
				);
				PRODUCT_BUNDLE_IDENTIFIER = "Mail.ru.MVP-sample";
				PRODUCT_NAME = "$(TARGET_NAME)";
				SWIFT_VERSION = 5.0;
				TARGETED_DEVICE_FAMILY = "1,2";
			};
			name = Release;
		};
/* End XCBuildConfiguration section */

/* Begin XCConfigurationList section */
		045A68502698B6D40019E10F /* Build configuration list for PBXProject "MVP_sample" */ = {
			isa = XCConfigurationList;
			buildConfigurations = (
				045A68672698B6D70019E10F /* Debug */,
				045A68682698B6D70019E10F /* Release */,
			);
			defaultConfigurationIsVisible = 0;
			defaultConfigurationName = Release;
		};
		045A68692698B6D70019E10F /* Build configuration list for PBXNativeTarget "MVP_sample" */ = {
			isa = XCConfigurationList;
			buildConfigurations = (
				045A686A2698B6D70019E10F /* Debug */,
				045A686B2698B6D70019E10F /* Release */,
			);
			defaultConfigurationIsVisible = 0;
			defaultConfigurationName = Release;
		};
/* End XCConfigurationList section */
	};
	rootObject = 045A684D2698B6D40019E10F /* Project object */;
}
