// !$*UTF8*$!
{
	archiveVersion = 1;
	classes = {
	};
	objectVersion = 51;
	objects = {

/* Begin PBXBuildFile section */
		048E2B1A26A5A31E009AEB13 /* AppDelegate.swift in Sources */ = {isa = PBXBuildFile; fileRef = 048E2B1926A5A31E009AEB13 /* AppDelegate.swift */; };
		048E2B1C26A5A31E009AEB13 /* SceneDelegate.swift in Sources */ = {isa = PBXBuildFile; fileRef = 048E2B1B26A5A31E009AEB13 /* SceneDelegate.swift */; };
		048E2B2326A5A321009AEB13 /* Assets.xcassets in Resources */ = {isa = PBXBuildFile; fileRef = 048E2B2226A5A321009AEB13 /* Assets.xcassets */; };
		048E2BB326A5B0F7009AEB13 /* GoogleService-Info.plist in Resources */ = {isa = PBXBuildFile; fileRef = 048E2BB226A5B0F7009AEB13 /* GoogleService-Info.plist */; };
		048E2BC726A5C5FF009AEB13 /* ProfileManager.swift in Sources */ = {isa = PBXBuildFile; fileRef = 048E2BC626A5C5FF009AEB13 /* ProfileManager.swift */; };
		048E2BCA26A5D883009AEB13 /* TabBarContainer.swift in Sources */ = {isa = PBXBuildFile; fileRef = 048E2BC926A5D883009AEB13 /* TabBarContainer.swift */; };
		048E2BFB26A5EF21009AEB13 /* AuthChoicePresenter.swift in Sources */ = {isa = PBXBuildFile; fileRef = 048E2BF526A5EF21009AEB13 /* AuthChoicePresenter.swift */; };
		048E2BFC26A5EF21009AEB13 /* AuthChoiceRouter.swift in Sources */ = {isa = PBXBuildFile; fileRef = 048E2BF626A5EF21009AEB13 /* AuthChoiceRouter.swift */; };
		048E2BFD26A5EF21009AEB13 /* AuthChoiceViewController.swift in Sources */ = {isa = PBXBuildFile; fileRef = 048E2BF726A5EF21009AEB13 /* AuthChoiceViewController.swift */; };
		048E2BFE26A5EF21009AEB13 /* AuthChoiceProtocols.swift in Sources */ = {isa = PBXBuildFile; fileRef = 048E2BF826A5EF21009AEB13 /* AuthChoiceProtocols.swift */; };
		048E2BFF26A5EF21009AEB13 /* AuthChoiceInteractor.swift in Sources */ = {isa = PBXBuildFile; fileRef = 048E2BF926A5EF21009AEB13 /* AuthChoiceInteractor.swift */; };
		048E2C0026A5EF21009AEB13 /* AuthChoiceContainer.swift in Sources */ = {isa = PBXBuildFile; fileRef = 048E2BFA26A5EF21009AEB13 /* AuthChoiceContainer.swift */; };
		048E2C0426A5EFA7009AEB13 /* AuthManager.swift in Sources */ = {isa = PBXBuildFile; fileRef = 048E2C0326A5EFA7009AEB13 /* AuthManager.swift */; };
		048E2C0D26A5F023009AEB13 /* CityWebPresenter.swift in Sources */ = {isa = PBXBuildFile; fileRef = 048E2C0726A5F023009AEB13 /* CityWebPresenter.swift */; };
		048E2C0E26A5F023009AEB13 /* CityWebRouter.swift in Sources */ = {isa = PBXBuildFile; fileRef = 048E2C0826A5F023009AEB13 /* CityWebRouter.swift */; };
		048E2C0F26A5F023009AEB13 /* CityWebViewController.swift in Sources */ = {isa = PBXBuildFile; fileRef = 048E2C0926A5F023009AEB13 /* CityWebViewController.swift */; };
		048E2C1026A5F023009AEB13 /* CityWebProtocols.swift in Sources */ = {isa = PBXBuildFile; fileRef = 048E2C0A26A5F023009AEB13 /* CityWebProtocols.swift */; };
		048E2C1126A5F023009AEB13 /* CityWebInteractor.swift in Sources */ = {isa = PBXBuildFile; fileRef = 048E2C0B26A5F023009AEB13 /* CityWebInteractor.swift */; };
		048E2C1226A5F023009AEB13 /* CityWebContainer.swift in Sources */ = {isa = PBXBuildFile; fileRef = 048E2C0C26A5F023009AEB13 /* CityWebContainer.swift */; };
		048E2C1626A5F079009AEB13 /* CityNetworkManager.swift in Sources */ = {isa = PBXBuildFile; fileRef = 048E2C1526A5F079009AEB13 /* CityNetworkManager.swift */; };
		048E2C1A26A5F0C1009AEB13 /* ViewController.swift in Sources */ = {isa = PBXBuildFile; fileRef = 048E2C1926A5F0C1009AEB13 /* ViewController.swift */; };
		048E2C1E26A5F0DE009AEB13 /* CitiesServiceHelper.swift in Sources */ = {isa = PBXBuildFile; fileRef = 048E2C1D26A5F0DE009AEB13 /* CitiesServiceHelper.swift */; };
		048E2C2126A5F0F6009AEB13 /* CityServiceModel.swift in Sources */ = {isa = PBXBuildFile; fileRef = 048E2C2026A5F0F6009AEB13 /* CityServiceModel.swift */; };
		048E2C2426A5F10E009AEB13 /* TableViewCell.swift in Sources */ = {isa = PBXBuildFile; fileRef = 048E2C2326A5F10E009AEB13 /* TableViewCell.swift */; };
		048E2C2726A5F12D009AEB13 /* CitiesProtocols.swift in Sources */ = {isa = PBXBuildFile; fileRef = 048E2C2626A5F12D009AEB13 /* CitiesProtocols.swift */; };
		048E2C2A26A5F149009AEB13 /* CitiesPresenter.swift in Sources */ = {isa = PBXBuildFile; fileRef = 048E2C2926A5F149009AEB13 /* CitiesPresenter.swift */; };
		048E2C2D26A5F178009AEB13 /* CitiesInteractor.swift in Sources */ = {isa = PBXBuildFile; fileRef = 048E2C2C26A5F178009AEB13 /* CitiesInteractor.swift */; };
		048E2C3026A5F18F009AEB13 /* CitiesModuleContainer.swift in Sources */ = {isa = PBXBuildFile; fileRef = 048E2C2F26A5F18F009AEB13 /* CitiesModuleContainer.swift */; };
		048E2C3326A5F1D7009AEB13 /* CitiesRouter.swift in Sources */ = {isa = PBXBuildFile; fileRef = 048E2C3226A5F1D7009AEB13 /* CitiesRouter.swift */; };
		048E2C3626A5F1F4009AEB13 /* CitiesManager.swift in Sources */ = {isa = PBXBuildFile; fileRef = 048E2C3526A5F1F4009AEB13 /* CitiesManager.swift */; };
		048E2C3E26A5F263009AEB13 /* ProfilePresenter.swift in Sources */ = {isa = PBXBuildFile; fileRef = 048E2C3826A5F263009AEB13 /* ProfilePresenter.swift */; };
		048E2C3F26A5F263009AEB13 /* ProfileRouter.swift in Sources */ = {isa = PBXBuildFile; fileRef = 048E2C3926A5F263009AEB13 /* ProfileRouter.swift */; };
		048E2C4026A5F263009AEB13 /* ProfileViewController.swift in Sources */ = {isa = PBXBuildFile; fileRef = 048E2C3A26A5F263009AEB13 /* ProfileViewController.swift */; };
		048E2C4126A5F263009AEB13 /* ProfileProtocols.swift in Sources */ = {isa = PBXBuildFile; fileRef = 048E2C3B26A5F263009AEB13 /* ProfileProtocols.swift */; };
		048E2C4226A5F263009AEB13 /* ProfileInteractor.swift in Sources */ = {isa = PBXBuildFile; fileRef = 048E2C3C26A5F263009AEB13 /* ProfileInteractor.swift */; };
		048E2C4326A5F263009AEB13 /* ProfileContainer.swift in Sources */ = {isa = PBXBuildFile; fileRef = 048E2C3D26A5F263009AEB13 /* ProfileContainer.swift */; };
		048E2C4D26A5F2B8009AEB13 /* MapPresenter.swift in Sources */ = {isa = PBXBuildFile; fileRef = 048E2C4726A5F2B8009AEB13 /* MapPresenter.swift */; };
		048E2C4E26A5F2B8009AEB13 /* MapRouter.swift in Sources */ = {isa = PBXBuildFile; fileRef = 048E2C4826A5F2B8009AEB13 /* MapRouter.swift */; };
		048E2C4F26A5F2B8009AEB13 /* MapViewController.swift in Sources */ = {isa = PBXBuildFile; fileRef = 048E2C4926A5F2B8009AEB13 /* MapViewController.swift */; };
		048E2C5026A5F2B8009AEB13 /* MapProtocols.swift in Sources */ = {isa = PBXBuildFile; fileRef = 048E2C4A26A5F2B8009AEB13 /* MapProtocols.swift */; };
		048E2C5126A5F2B8009AEB13 /* MapInteractor.swift in Sources */ = {isa = PBXBuildFile; fileRef = 048E2C4B26A5F2B8009AEB13 /* MapInteractor.swift */; };
		048E2C5226A5F2B8009AEB13 /* MapContainer.swift in Sources */ = {isa = PBXBuildFile; fileRef = 048E2C4C26A5F2B8009AEB13 /* MapContainer.swift */; };
		048E2C5C26A6C9A9009AEB13 /* SignUpPresenter.swift in Sources */ = {isa = PBXBuildFile; fileRef = 048E2C5626A6C9A8009AEB13 /* SignUpPresenter.swift */; };
		048E2C5D26A6C9A9009AEB13 /* SignUpRouter.swift in Sources */ = {isa = PBXBuildFile; fileRef = 048E2C5726A6C9A8009AEB13 /* SignUpRouter.swift */; };
		048E2C5E26A6C9A9009AEB13 /* SignUpViewController.swift in Sources */ = {isa = PBXBuildFile; fileRef = 048E2C5826A6C9A8009AEB13 /* SignUpViewController.swift */; };
		048E2C5F26A6C9A9009AEB13 /* SignUpProtocols.swift in Sources */ = {isa = PBXBuildFile; fileRef = 048E2C5926A6C9A8009AEB13 /* SignUpProtocols.swift */; };
		048E2C6026A6C9A9009AEB13 /* SignUpInteractor.swift in Sources */ = {isa = PBXBuildFile; fileRef = 048E2C5A26A6C9A8009AEB13 /* SignUpInteractor.swift */; };
		048E2C6126A6C9A9009AEB13 /* SignUpContainer.swift in Sources */ = {isa = PBXBuildFile; fileRef = 048E2C5B26A6C9A8009AEB13 /* SignUpContainer.swift */; };
		048E2C6926A6D305009AEB13 /* UserInfo.swift in Sources */ = {isa = PBXBuildFile; fileRef = 048E2C6826A6D305009AEB13 /* UserInfo.swift */; };
		048E2C7226A6DA43009AEB13 /* SignUpManager.swift in Sources */ = {isa = PBXBuildFile; fileRef = 048E2C7126A6DA43009AEB13 /* SignUpManager.swift */; };
		048E2C7526A6E258009AEB13 /* UserInfoConverter.swift in Sources */ = {isa = PBXBuildFile; fileRef = 048E2C7426A6E258009AEB13 /* UserInfoConverter.swift */; };
		76A8B65C025130CAED08D07B /* Pods_Weather.framework in Frameworks */ = {isa = PBXBuildFile; fileRef = F4EE36B636DE8231DE7A98BD /* Pods_Weather.framework */; };
/* End PBXBuildFile section */

/* Begin PBXFileReference section */
		048E2B1626A5A31E009AEB13 /* Weather.app */ = {isa = PBXFileReference; explicitFileType = wrapper.application; includeInIndex = 0; path = Weather.app; sourceTree = BUILT_PRODUCTS_DIR; };
		048E2B1926A5A31E009AEB13 /* AppDelegate.swift */ = {isa = PBXFileReference; lastKnownFileType = sourcecode.swift; path = AppDelegate.swift; sourceTree = "<group>"; };
		048E2B1B26A5A31E009AEB13 /* SceneDelegate.swift */ = {isa = PBXFileReference; lastKnownFileType = sourcecode.swift; path = SceneDelegate.swift; sourceTree = "<group>"; };
		048E2B2226A5A321009AEB13 /* Assets.xcassets */ = {isa = PBXFileReference; lastKnownFileType = folder.assetcatalog; path = Assets.xcassets; sourceTree = "<group>"; };
		048E2B2726A5A321009AEB13 /* Info.plist */ = {isa = PBXFileReference; lastKnownFileType = text.plist.xml; path = Info.plist; sourceTree = "<group>"; };
		048E2BB226A5B0F7009AEB13 /* GoogleService-Info.plist */ = {isa = PBXFileReference; fileEncoding = 4; lastKnownFileType = text.plist.xml; path = "GoogleService-Info.plist"; sourceTree = "<group>"; };
		048E2BC626A5C5FF009AEB13 /* ProfileManager.swift */ = {isa = PBXFileReference; lastKnownFileType = sourcecode.swift; path = ProfileManager.swift; sourceTree = "<group>"; };
		048E2BC926A5D883009AEB13 /* TabBarContainer.swift */ = {isa = PBXFileReference; lastKnownFileType = sourcecode.swift; path = TabBarContainer.swift; sourceTree = "<group>"; };
		048E2BF526A5EF21009AEB13 /* AuthChoicePresenter.swift */ = {isa = PBXFileReference; lastKnownFileType = sourcecode.swift; path = AuthChoicePresenter.swift; sourceTree = "<group>"; };
		048E2BF626A5EF21009AEB13 /* AuthChoiceRouter.swift */ = {isa = PBXFileReference; lastKnownFileType = sourcecode.swift; path = AuthChoiceRouter.swift; sourceTree = "<group>"; };
		048E2BF726A5EF21009AEB13 /* AuthChoiceViewController.swift */ = {isa = PBXFileReference; lastKnownFileType = sourcecode.swift; path = AuthChoiceViewController.swift; sourceTree = "<group>"; };
		048E2BF826A5EF21009AEB13 /* AuthChoiceProtocols.swift */ = {isa = PBXFileReference; lastKnownFileType = sourcecode.swift; path = AuthChoiceProtocols.swift; sourceTree = "<group>"; };
		048E2BF926A5EF21009AEB13 /* AuthChoiceInteractor.swift */ = {isa = PBXFileReference; lastKnownFileType = sourcecode.swift; path = AuthChoiceInteractor.swift; sourceTree = "<group>"; };
		048E2BFA26A5EF21009AEB13 /* AuthChoiceContainer.swift */ = {isa = PBXFileReference; lastKnownFileType = sourcecode.swift; path = AuthChoiceContainer.swift; sourceTree = "<group>"; };
		048E2C0326A5EFA7009AEB13 /* AuthManager.swift */ = {isa = PBXFileReference; lastKnownFileType = sourcecode.swift; path = AuthManager.swift; sourceTree = "<group>"; };
		048E2C0726A5F023009AEB13 /* CityWebPresenter.swift */ = {isa = PBXFileReference; lastKnownFileType = sourcecode.swift; path = CityWebPresenter.swift; sourceTree = "<group>"; };
		048E2C0826A5F023009AEB13 /* CityWebRouter.swift */ = {isa = PBXFileReference; lastKnownFileType = sourcecode.swift; path = CityWebRouter.swift; sourceTree = "<group>"; };
		048E2C0926A5F023009AEB13 /* CityWebViewController.swift */ = {isa = PBXFileReference; lastKnownFileType = sourcecode.swift; path = CityWebViewController.swift; sourceTree = "<group>"; };
		048E2C0A26A5F023009AEB13 /* CityWebProtocols.swift */ = {isa = PBXFileReference; lastKnownFileType = sourcecode.swift; path = CityWebProtocols.swift; sourceTree = "<group>"; };
		048E2C0B26A5F023009AEB13 /* CityWebInteractor.swift */ = {isa = PBXFileReference; lastKnownFileType = sourcecode.swift; path = CityWebInteractor.swift; sourceTree = "<group>"; };
		048E2C0C26A5F023009AEB13 /* CityWebContainer.swift */ = {isa = PBXFileReference; lastKnownFileType = sourcecode.swift; path = CityWebContainer.swift; sourceTree = "<group>"; };
		048E2C1526A5F079009AEB13 /* CityNetworkManager.swift */ = {isa = PBXFileReference; lastKnownFileType = sourcecode.swift; path = CityNetworkManager.swift; sourceTree = "<group>"; };
		048E2C1926A5F0C1009AEB13 /* ViewController.swift */ = {isa = PBXFileReference; lastKnownFileType = sourcecode.swift; path = ViewController.swift; sourceTree = "<group>"; };
		048E2C1D26A5F0DE009AEB13 /* CitiesServiceHelper.swift */ = {isa = PBXFileReference; lastKnownFileType = sourcecode.swift; path = CitiesServiceHelper.swift; sourceTree = "<group>"; };
		048E2C2026A5F0F6009AEB13 /* CityServiceModel.swift */ = {isa = PBXFileReference; lastKnownFileType = sourcecode.swift; path = CityServiceModel.swift; sourceTree = "<group>"; };
		048E2C2326A5F10E009AEB13 /* TableViewCell.swift */ = {isa = PBXFileReference; lastKnownFileType = sourcecode.swift; path = TableViewCell.swift; sourceTree = "<group>"; };
		048E2C2626A5F12D009AEB13 /* CitiesProtocols.swift */ = {isa = PBXFileReference; lastKnownFileType = sourcecode.swift; path = CitiesProtocols.swift; sourceTree = "<group>"; };
		048E2C2926A5F149009AEB13 /* CitiesPresenter.swift */ = {isa = PBXFileReference; lastKnownFileType = sourcecode.swift; path = CitiesPresenter.swift; sourceTree = "<group>"; };
		048E2C2C26A5F178009AEB13 /* CitiesInteractor.swift */ = {isa = PBXFileReference; lastKnownFileType = sourcecode.swift; path = CitiesInteractor.swift; sourceTree = "<group>"; };
		048E2C2F26A5F18F009AEB13 /* CitiesModuleContainer.swift */ = {isa = PBXFileReference; lastKnownFileType = sourcecode.swift; path = CitiesModuleContainer.swift; sourceTree = "<group>"; };
		048E2C3226A5F1D7009AEB13 /* CitiesRouter.swift */ = {isa = PBXFileReference; lastKnownFileType = sourcecode.swift; path = CitiesRouter.swift; sourceTree = "<group>"; };
		048E2C3526A5F1F4009AEB13 /* CitiesManager.swift */ = {isa = PBXFileReference; lastKnownFileType = sourcecode.swift; path = CitiesManager.swift; sourceTree = "<group>"; };
		048E2C3826A5F263009AEB13 /* ProfilePresenter.swift */ = {isa = PBXFileReference; lastKnownFileType = sourcecode.swift; path = ProfilePresenter.swift; sourceTree = "<group>"; };
		048E2C3926A5F263009AEB13 /* ProfileRouter.swift */ = {isa = PBXFileReference; lastKnownFileType = sourcecode.swift; path = ProfileRouter.swift; sourceTree = "<group>"; };
		048E2C3A26A5F263009AEB13 /* ProfileViewController.swift */ = {isa = PBXFileReference; lastKnownFileType = sourcecode.swift; path = ProfileViewController.swift; sourceTree = "<group>"; };
		048E2C3B26A5F263009AEB13 /* ProfileProtocols.swift */ = {isa = PBXFileReference; lastKnownFileType = sourcecode.swift; path = ProfileProtocols.swift; sourceTree = "<group>"; };
		048E2C3C26A5F263009AEB13 /* ProfileInteractor.swift */ = {isa = PBXFileReference; lastKnownFileType = sourcecode.swift; path = ProfileInteractor.swift; sourceTree = "<group>"; };
		048E2C3D26A5F263009AEB13 /* ProfileContainer.swift */ = {isa = PBXFileReference; lastKnownFileType = sourcecode.swift; path = ProfileContainer.swift; sourceTree = "<group>"; };
		048E2C4726A5F2B8009AEB13 /* MapPresenter.swift */ = {isa = PBXFileReference; lastKnownFileType = sourcecode.swift; path = MapPresenter.swift; sourceTree = "<group>"; };
		048E2C4826A5F2B8009AEB13 /* MapRouter.swift */ = {isa = PBXFileReference; lastKnownFileType = sourcecode.swift; path = MapRouter.swift; sourceTree = "<group>"; };
		048E2C4926A5F2B8009AEB13 /* MapViewController.swift */ = {isa = PBXFileReference; lastKnownFileType = sourcecode.swift; path = MapViewController.swift; sourceTree = "<group>"; };
		048E2C4A26A5F2B8009AEB13 /* MapProtocols.swift */ = {isa = PBXFileReference; lastKnownFileType = sourcecode.swift; path = MapProtocols.swift; sourceTree = "<group>"; };
		048E2C4B26A5F2B8009AEB13 /* MapInteractor.swift */ = {isa = PBXFileReference; lastKnownFileType = sourcecode.swift; path = MapInteractor.swift; sourceTree = "<group>"; };
		048E2C4C26A5F2B8009AEB13 /* MapContainer.swift */ = {isa = PBXFileReference; lastKnownFileType = sourcecode.swift; path = MapContainer.swift; sourceTree = "<group>"; };
		048E2C5626A6C9A8009AEB13 /* SignUpPresenter.swift */ = {isa = PBXFileReference; lastKnownFileType = sourcecode.swift; path = SignUpPresenter.swift; sourceTree = "<group>"; };
		048E2C5726A6C9A8009AEB13 /* SignUpRouter.swift */ = {isa = PBXFileReference; lastKnownFileType = sourcecode.swift; path = SignUpRouter.swift; sourceTree = "<group>"; };
		048E2C5826A6C9A8009AEB13 /* SignUpViewController.swift */ = {isa = PBXFileReference; lastKnownFileType = sourcecode.swift; path = SignUpViewController.swift; sourceTree = "<group>"; };
		048E2C5926A6C9A8009AEB13 /* SignUpProtocols.swift */ = {isa = PBXFileReference; lastKnownFileType = sourcecode.swift; path = SignUpProtocols.swift; sourceTree = "<group>"; };
		048E2C5A26A6C9A8009AEB13 /* SignUpInteractor.swift */ = {isa = PBXFileReference; lastKnownFileType = sourcecode.swift; path = SignUpInteractor.swift; sourceTree = "<group>"; };
		048E2C5B26A6C9A8009AEB13 /* SignUpContainer.swift */ = {isa = PBXFileReference; lastKnownFileType = sourcecode.swift; path = SignUpContainer.swift; sourceTree = "<group>"; };
		048E2C6826A6D305009AEB13 /* UserInfo.swift */ = {isa = PBXFileReference; lastKnownFileType = sourcecode.swift; path = UserInfo.swift; sourceTree = "<group>"; };
		048E2C7126A6DA43009AEB13 /* SignUpManager.swift */ = {isa = PBXFileReference; lastKnownFileType = sourcecode.swift; path = SignUpManager.swift; sourceTree = "<group>"; };
		048E2C7426A6E258009AEB13 /* UserInfoConverter.swift */ = {isa = PBXFileReference; lastKnownFileType = sourcecode.swift; path = UserInfoConverter.swift; sourceTree = "<group>"; };
		64068A6236FE1A6123F67665 /* Pods-Weather.release.xcconfig */ = {isa = PBXFileReference; includeInIndex = 1; lastKnownFileType = text.xcconfig; name = "Pods-Weather.release.xcconfig"; path = "Target Support Files/Pods-Weather/Pods-Weather.release.xcconfig"; sourceTree = "<group>"; };
		C2AE75BC36BD370BC43D7588 /* Pods-Weather.debug.xcconfig */ = {isa = PBXFileReference; includeInIndex = 1; lastKnownFileType = text.xcconfig; name = "Pods-Weather.debug.xcconfig"; path = "Target Support Files/Pods-Weather/Pods-Weather.debug.xcconfig"; sourceTree = "<group>"; };
		F4EE36B636DE8231DE7A98BD /* Pods_Weather.framework */ = {isa = PBXFileReference; explicitFileType = wrapper.framework; includeInIndex = 0; path = Pods_Weather.framework; sourceTree = BUILT_PRODUCTS_DIR; };
/* End PBXFileReference section */

/* Begin PBXFrameworksBuildPhase section */
		048E2B1326A5A31E009AEB13 /* Frameworks */ = {
			isa = PBXFrameworksBuildPhase;
			buildActionMask = 2147483647;
			files = (
				76A8B65C025130CAED08D07B /* Pods_Weather.framework in Frameworks */,
			);
			runOnlyForDeploymentPostprocessing = 0;
		};
/* End PBXFrameworksBuildPhase section */

/* Begin PBXGroup section */
		048E2B0D26A5A31E009AEB13 = {
			isa = PBXGroup;
			children = (
				048E2B1826A5A31E009AEB13 /* Weather */,
				048E2B1726A5A31E009AEB13 /* Products */,
				DA646C817DD67FB5821F1F96 /* Pods */,
				40ED5CA65B78DEB85F57D8E6 /* Frameworks */,
			);
			sourceTree = "<group>";
		};
		048E2B1726A5A31E009AEB13 /* Products */ = {
			isa = PBXGroup;
			children = (
				048E2B1626A5A31E009AEB13 /* Weather.app */,
			);
			name = Products;
			sourceTree = "<group>";
		};
		048E2B1826A5A31E009AEB13 /* Weather */ = {
			isa = PBXGroup;
			children = (
				048E2C6B26A6D3D9009AEB13 /* Models */,
				048E2C5526A6C97E009AEB13 /* SignUp */,
				048E2C4626A5F2A5009AEB13 /* Map */,
				048E2C1826A5F0A0009AEB13 /* Cities */,
				048E2C0626A5F00C009AEB13 /* CityWeb */,
				048E2BF426A5EEFB009AEB13 /* AuthChoice */,
				048E2B4226A5A4C4009AEB13 /* Profile */,
				048E2B1926A5A31E009AEB13 /* AppDelegate.swift */,
				048E2B1B26A5A31E009AEB13 /* SceneDelegate.swift */,
				048E2B2226A5A321009AEB13 /* Assets.xcassets */,
				048E2B2726A5A321009AEB13 /* Info.plist */,
				048E2BB226A5B0F7009AEB13 /* GoogleService-Info.plist */,
				048E2BC926A5D883009AEB13 /* TabBarContainer.swift */,
			);
			path = Weather;
			sourceTree = "<group>";
		};
		048E2B4226A5A4C4009AEB13 /* Profile */ = {
			isa = PBXGroup;
			children = (
				048E2BC626A5C5FF009AEB13 /* ProfileManager.swift */,
				048E2C3826A5F263009AEB13 /* ProfilePresenter.swift */,
				048E2C3926A5F263009AEB13 /* ProfileRouter.swift */,
				048E2C3A26A5F263009AEB13 /* ProfileViewController.swift */,
				048E2C3B26A5F263009AEB13 /* ProfileProtocols.swift */,
				048E2C3C26A5F263009AEB13 /* ProfileInteractor.swift */,
				048E2C3D26A5F263009AEB13 /* ProfileContainer.swift */,
			);
			path = Profile;
			sourceTree = "<group>";
		};
		048E2BF426A5EEFB009AEB13 /* AuthChoice */ = {
			isa = PBXGroup;
			children = (
				048E2BF526A5EF21009AEB13 /* AuthChoicePresenter.swift */,
				048E2BF626A5EF21009AEB13 /* AuthChoiceRouter.swift */,
				048E2BF726A5EF21009AEB13 /* AuthChoiceViewController.swift */,
				048E2BF826A5EF21009AEB13 /* AuthChoiceProtocols.swift */,
				048E2BF926A5EF21009AEB13 /* AuthChoiceInteractor.swift */,
				048E2BFA26A5EF21009AEB13 /* AuthChoiceContainer.swift */,
				048E2C0326A5EFA7009AEB13 /* AuthManager.swift */,
			);
			path = AuthChoice;
			sourceTree = "<group>";
		};
		048E2C0626A5F00C009AEB13 /* CityWeb */ = {
			isa = PBXGroup;
			children = (
				048E2C0726A5F023009AEB13 /* CityWebPresenter.swift */,
				048E2C0826A5F023009AEB13 /* CityWebRouter.swift */,
				048E2C0926A5F023009AEB13 /* CityWebViewController.swift */,
				048E2C0A26A5F023009AEB13 /* CityWebProtocols.swift */,
				048E2C0B26A5F023009AEB13 /* CityWebInteractor.swift */,
				048E2C0C26A5F023009AEB13 /* CityWebContainer.swift */,
				048E2C1526A5F079009AEB13 /* CityNetworkManager.swift */,
			);
			path = CityWeb;
			sourceTree = "<group>";
		};
		048E2C1826A5F0A0009AEB13 /* Cities */ = {
			isa = PBXGroup;
			children = (
				048E2C1926A5F0C1009AEB13 /* ViewController.swift */,
				048E2C1D26A5F0DE009AEB13 /* CitiesServiceHelper.swift */,
				048E2C2026A5F0F6009AEB13 /* CityServiceModel.swift */,
				048E2C2326A5F10E009AEB13 /* TableViewCell.swift */,
				048E2C2626A5F12D009AEB13 /* CitiesProtocols.swift */,
				048E2C2926A5F149009AEB13 /* CitiesPresenter.swift */,
				048E2C2C26A5F178009AEB13 /* CitiesInteractor.swift */,
				048E2C2F26A5F18F009AEB13 /* CitiesModuleContainer.swift */,
				048E2C3226A5F1D7009AEB13 /* CitiesRouter.swift */,
				048E2C3526A5F1F4009AEB13 /* CitiesManager.swift */,
			);
			path = Cities;
			sourceTree = "<group>";
		};
		048E2C4626A5F2A5009AEB13 /* Map */ = {
			isa = PBXGroup;
			children = (
				048E2C4726A5F2B8009AEB13 /* MapPresenter.swift */,
				048E2C4826A5F2B8009AEB13 /* MapRouter.swift */,
				048E2C4926A5F2B8009AEB13 /* MapViewController.swift */,
				048E2C4A26A5F2B8009AEB13 /* MapProtocols.swift */,
				048E2C4B26A5F2B8009AEB13 /* MapInteractor.swift */,
				048E2C4C26A5F2B8009AEB13 /* MapContainer.swift */,
			);
			path = Map;
			sourceTree = "<group>";
		};
		048E2C5526A6C97E009AEB13 /* SignUp */ = {
			isa = PBXGroup;
			children = (
				048E2C5626A6C9A8009AEB13 /* SignUpPresenter.swift */,
				048E2C5726A6C9A8009AEB13 /* SignUpRouter.swift */,
				048E2C5826A6C9A8009AEB13 /* SignUpViewController.swift */,
				048E2C5926A6C9A8009AEB13 /* SignUpProtocols.swift */,
				048E2C5A26A6C9A8009AEB13 /* SignUpInteractor.swift */,
				048E2C5B26A6C9A8009AEB13 /* SignUpContainer.swift */,
				048E2C7126A6DA43009AEB13 /* SignUpManager.swift */,
				048E2C7426A6E258009AEB13 /* UserInfoConverter.swift */,
			);
			path = SignUp;
			sourceTree = "<group>";
		};
		048E2C6B26A6D3D9009AEB13 /* Models */ = {
			isa = PBXGroup;
			children = (
				048E2C6826A6D305009AEB13 /* UserInfo.swift */,
			);
			path = Models;
			sourceTree = "<group>";
		};
		40ED5CA65B78DEB85F57D8E6 /* Frameworks */ = {
			isa = PBXGroup;
			children = (
				F4EE36B636DE8231DE7A98BD /* Pods_Weather.framework */,
			);
			name = Frameworks;
			sourceTree = "<group>";
		};
		DA646C817DD67FB5821F1F96 /* Pods */ = {
			isa = PBXGroup;
			children = (
				C2AE75BC36BD370BC43D7588 /* Pods-Weather.debug.xcconfig */,
				64068A6236FE1A6123F67665 /* Pods-Weather.release.xcconfig */,
			);
			path = Pods;
			sourceTree = "<group>";
		};
/* End PBXGroup section */

/* Begin PBXNativeTarget section */
		048E2B1526A5A31E009AEB13 /* Weather */ = {
			isa = PBXNativeTarget;
			buildConfigurationList = 048E2B2A26A5A321009AEB13 /* Build configuration list for PBXNativeTarget "Weather" */;
			buildPhases = (
				16452B0C95F0F626D40F2BDC /* [CP] Check Pods Manifest.lock */,
				048E2B1226A5A31E009AEB13 /* Sources */,
				048E2B1326A5A31E009AEB13 /* Frameworks */,
				048E2B1426A5A31E009AEB13 /* Resources */,
				34B3C78A1B5A1D99FF180FA3 /* [CP] Embed Pods Frameworks */,
				FD846F104ED3DB82DC83FAF8 /* [CP] Copy Pods Resources */,
			);
			buildRules = (
			);
			dependencies = (
			);
			name = Weather;
			productName = Weather;
			productReference = 048E2B1626A5A31E009AEB13 /* Weather.app */;
			productType = "com.apple.product-type.application";
		};
/* End PBXNativeTarget section */

/* Begin PBXProject section */
		048E2B0E26A5A31E009AEB13 /* Project object */ = {
			isa = PBXProject;
			attributes = {
				LastSwiftUpdateCheck = 1240;
				LastUpgradeCheck = 1240;
				TargetAttributes = {
					048E2B1526A5A31E009AEB13 = {
						CreatedOnToolsVersion = 12.4;
					};
				};
			};
			buildConfigurationList = 048E2B1126A5A31E009AEB13 /* Build configuration list for PBXProject "Weather" */;
			compatibilityVersion = "Xcode 9.3";
			developmentRegion = en;
			hasScannedForEncodings = 0;
			knownRegions = (
				en,
				Base,
			);
			mainGroup = 048E2B0D26A5A31E009AEB13;
			productRefGroup = 048E2B1726A5A31E009AEB13 /* Products */;
			projectDirPath = "";
			projectRoot = "";
			targets = (
				048E2B1526A5A31E009AEB13 /* Weather */,
			);
		};
/* End PBXProject section */

/* Begin PBXResourcesBuildPhase section */
		048E2B1426A5A31E009AEB13 /* Resources */ = {
			isa = PBXResourcesBuildPhase;
			buildActionMask = 2147483647;
			files = (
				048E2BB326A5B0F7009AEB13 /* GoogleService-Info.plist in Resources */,
				048E2B2326A5A321009AEB13 /* Assets.xcassets in Resources */,
			);
			runOnlyForDeploymentPostprocessing = 0;
		};
/* End PBXResourcesBuildPhase section */

/* Begin PBXShellScriptBuildPhase section */
		16452B0C95F0F626D40F2BDC /* [CP] Check Pods Manifest.lock */ = {
			isa = PBXShellScriptBuildPhase;
			buildActionMask = 2147483647;
			files = (
			);
			inputFileListPaths = (
			);
			inputPaths = (
				"${PODS_PODFILE_DIR_PATH}/Podfile.lock",
				"${PODS_ROOT}/Manifest.lock",
			);
			name = "[CP] Check Pods Manifest.lock";
			outputFileListPaths = (
			);
			outputPaths = (
				"$(DERIVED_FILE_DIR)/Pods-Weather-checkManifestLockResult.txt",
			);
			runOnlyForDeploymentPostprocessing = 0;
			shellPath = /bin/sh;
			shellScript = "diff \"${PODS_PODFILE_DIR_PATH}/Podfile.lock\" \"${PODS_ROOT}/Manifest.lock\" > /dev/null\nif [ $? != 0 ] ; then\n    # print error to STDERR\n    echo \"error: The sandbox is not in sync with the Podfile.lock. Run 'pod install' or update your CocoaPods installation.\" >&2\n    exit 1\nfi\n# This output is used by Xcode 'outputs' to avoid re-running this script phase.\necho \"SUCCESS\" > \"${SCRIPT_OUTPUT_FILE_0}\"\n";
			showEnvVarsInLog = 0;
		};
		34B3C78A1B5A1D99FF180FA3 /* [CP] Embed Pods Frameworks */ = {
			isa = PBXShellScriptBuildPhase;
			buildActionMask = 2147483647;
			files = (
			);
			inputFileListPaths = (
				"${PODS_ROOT}/Target Support Files/Pods-Weather/Pods-Weather-frameworks-${CONFIGURATION}-input-files.xcfilelist",
			);
			name = "[CP] Embed Pods Frameworks";
			outputFileListPaths = (
				"${PODS_ROOT}/Target Support Files/Pods-Weather/Pods-Weather-frameworks-${CONFIGURATION}-output-files.xcfilelist",
			);
			runOnlyForDeploymentPostprocessing = 0;
			shellPath = /bin/sh;
			shellScript = "\"${PODS_ROOT}/Target Support Files/Pods-Weather/Pods-Weather-frameworks.sh\"\n";
			showEnvVarsInLog = 0;
		};
		FD846F104ED3DB82DC83FAF8 /* [CP] Copy Pods Resources */ = {
			isa = PBXShellScriptBuildPhase;
			buildActionMask = 2147483647;
			files = (
			);
			inputFileListPaths = (
				"${PODS_ROOT}/Target Support Files/Pods-Weather/Pods-Weather-resources-${CONFIGURATION}-input-files.xcfilelist",
			);
			name = "[CP] Copy Pods Resources";
			outputFileListPaths = (
				"${PODS_ROOT}/Target Support Files/Pods-Weather/Pods-Weather-resources-${CONFIGURATION}-output-files.xcfilelist",
			);
			runOnlyForDeploymentPostprocessing = 0;
			shellPath = /bin/sh;
			shellScript = "\"${PODS_ROOT}/Target Support Files/Pods-Weather/Pods-Weather-resources.sh\"\n";
			showEnvVarsInLog = 0;
		};
/* End PBXShellScriptBuildPhase section */

/* Begin PBXSourcesBuildPhase section */
		048E2B1226A5A31E009AEB13 /* Sources */ = {
			isa = PBXSourcesBuildPhase;
			buildActionMask = 2147483647;
			files = (
				048E2BFD26A5EF21009AEB13 /* AuthChoiceViewController.swift in Sources */,
				048E2C2726A5F12D009AEB13 /* CitiesProtocols.swift in Sources */,
				048E2C3E26A5F263009AEB13 /* ProfilePresenter.swift in Sources */,
				048E2BFE26A5EF21009AEB13 /* AuthChoiceProtocols.swift in Sources */,
				048E2C5E26A6C9A9009AEB13 /* SignUpViewController.swift in Sources */,
				048E2C0426A5EFA7009AEB13 /* AuthManager.swift in Sources */,
				048E2C1E26A5F0DE009AEB13 /* CitiesServiceHelper.swift in Sources */,
				048E2C4126A5F263009AEB13 /* ProfileProtocols.swift in Sources */,
				048E2BFC26A5EF21009AEB13 /* AuthChoiceRouter.swift in Sources */,
				048E2C5C26A6C9A9009AEB13 /* SignUpPresenter.swift in Sources */,
				048E2C0E26A5F023009AEB13 /* CityWebRouter.swift in Sources */,
				048E2C4226A5F263009AEB13 /* ProfileInteractor.swift in Sources */,
				048E2C1626A5F079009AEB13 /* CityNetworkManager.swift in Sources */,
				048E2C1A26A5F0C1009AEB13 /* ViewController.swift in Sources */,
				048E2C7526A6E258009AEB13 /* UserInfoConverter.swift in Sources */,
				048E2C1026A5F023009AEB13 /* CityWebProtocols.swift in Sources */,
				048E2C7226A6DA43009AEB13 /* SignUpManager.swift in Sources */,
				048E2C3F26A5F263009AEB13 /* ProfileRouter.swift in Sources */,
				048E2C0D26A5F023009AEB13 /* CityWebPresenter.swift in Sources */,
				048E2B1A26A5A31E009AEB13 /* AppDelegate.swift in Sources */,
				048E2C6926A6D305009AEB13 /* UserInfo.swift in Sources */,
				048E2BC726A5C5FF009AEB13 /* ProfileManager.swift in Sources */,
				048E2C6126A6C9A9009AEB13 /* SignUpContainer.swift in Sources */,
				048E2C4E26A5F2B8009AEB13 /* MapRouter.swift in Sources */,
				048E2C3626A5F1F4009AEB13 /* CitiesManager.swift in Sources */,
				048E2C1126A5F023009AEB13 /* CityWebInteractor.swift in Sources */,
				048E2B1C26A5A31E009AEB13 /* SceneDelegate.swift in Sources */,
				048E2C5F26A6C9A9009AEB13 /* SignUpProtocols.swift in Sources */,
				048E2C2126A5F0F6009AEB13 /* CityServiceModel.swift in Sources */,
				048E2C0F26A5F023009AEB13 /* CityWebViewController.swift in Sources */,
				048E2C4D26A5F2B8009AEB13 /* MapPresenter.swift in Sources */,
				048E2C3326A5F1D7009AEB13 /* CitiesRouter.swift in Sources */,
				048E2C0026A5EF21009AEB13 /* AuthChoiceContainer.swift in Sources */,
				048E2C4326A5F263009AEB13 /* ProfileContainer.swift in Sources */,
				048E2C4F26A5F2B8009AEB13 /* MapViewController.swift in Sources */,
				048E2C5026A5F2B8009AEB13 /* MapProtocols.swift in Sources */,
				048E2C5D26A6C9A9009AEB13 /* SignUpRouter.swift in Sources */,
				048E2BFB26A5EF21009AEB13 /* AuthChoicePresenter.swift in Sources */,
				048E2BFF26A5EF21009AEB13 /* AuthChoiceInteractor.swift in Sources */,
				048E2C1226A5F023009AEB13 /* CityWebContainer.swift in Sources */,
				048E2C3026A5F18F009AEB13 /* CitiesModuleContainer.swift in Sources */,
				048E2C5126A5F2B8009AEB13 /* MapInteractor.swift in Sources */,
				048E2C2426A5F10E009AEB13 /* TableViewCell.swift in Sources */,
				048E2C2A26A5F149009AEB13 /* CitiesPresenter.swift in Sources */,
				048E2C4026A5F263009AEB13 /* ProfileViewController.swift in Sources */,
				048E2C2D26A5F178009AEB13 /* CitiesInteractor.swift in Sources */,
				048E2C5226A5F2B8009AEB13 /* MapContainer.swift in Sources */,
				048E2C6026A6C9A9009AEB13 /* SignUpInteractor.swift in Sources */,
				048E2BCA26A5D883009AEB13 /* TabBarContainer.swift in Sources */,
			);
			runOnlyForDeploymentPostprocessing = 0;
		};
/* End PBXSourcesBuildPhase section */

/* Begin XCBuildConfiguration section */
		048E2B2826A5A321009AEB13 /* Debug */ = {
			isa = XCBuildConfiguration;
			buildSettings = {
				ALWAYS_SEARCH_USER_PATHS = NO;
				CLANG_ANALYZER_NONNULL = YES;
				CLANG_ANALYZER_NUMBER_OBJECT_CONVERSION = YES_AGGRESSIVE;
				CLANG_CXX_LANGUAGE_STANDARD = "gnu++14";
				CLANG_CXX_LIBRARY = "libc++";
				CLANG_ENABLE_MODULES = YES;
				CLANG_ENABLE_OBJC_ARC = YES;
				CLANG_ENABLE_OBJC_WEAK = YES;
				CLANG_WARN_BLOCK_CAPTURE_AUTORELEASING = YES;
				CLANG_WARN_BOOL_CONVERSION = YES;
				CLANG_WARN_COMMA = YES;
				CLANG_WARN_CONSTANT_CONVERSION = YES;
				CLANG_WARN_DEPRECATED_OBJC_IMPLEMENTATIONS = YES;
				CLANG_WARN_DIRECT_OBJC_ISA_USAGE = YES_ERROR;
				CLANG_WARN_DOCUMENTATION_COMMENTS = YES;
				CLANG_WARN_EMPTY_BODY = YES;
				CLANG_WARN_ENUM_CONVERSION = YES;
				CLANG_WARN_INFINITE_RECURSION = YES;
				CLANG_WARN_INT_CONVERSION = YES;
				CLANG_WARN_NON_LITERAL_NULL_CONVERSION = YES;
				CLANG_WARN_OBJC_IMPLICIT_RETAIN_SELF = YES;
				CLANG_WARN_OBJC_LITERAL_CONVERSION = YES;
				CLANG_WARN_OBJC_ROOT_CLASS = YES_ERROR;
				CLANG_WARN_QUOTED_INCLUDE_IN_FRAMEWORK_HEADER = YES;
				CLANG_WARN_RANGE_LOOP_ANALYSIS = YES;
				CLANG_WARN_STRICT_PROTOTYPES = YES;
				CLANG_WARN_SUSPICIOUS_MOVE = YES;
				CLANG_WARN_UNGUARDED_AVAILABILITY = YES_AGGRESSIVE;
				CLANG_WARN_UNREACHABLE_CODE = YES;
				CLANG_WARN__DUPLICATE_METHOD_MATCH = YES;
				COPY_PHASE_STRIP = NO;
				DEBUG_INFORMATION_FORMAT = dwarf;
				ENABLE_STRICT_OBJC_MSGSEND = YES;
				ENABLE_TESTABILITY = YES;
				GCC_C_LANGUAGE_STANDARD = gnu11;
				GCC_DYNAMIC_NO_PIC = NO;
				GCC_NO_COMMON_BLOCKS = YES;
				GCC_OPTIMIZATION_LEVEL = 0;
				GCC_PREPROCESSOR_DEFINITIONS = (
					"DEBUG=1",
					"$(inherited)",
				);
				GCC_WARN_64_TO_32_BIT_CONVERSION = YES;
				GCC_WARN_ABOUT_RETURN_TYPE = YES_ERROR;
				GCC_WARN_UNDECLARED_SELECTOR = YES;
				GCC_WARN_UNINITIALIZED_AUTOS = YES_AGGRESSIVE;
				GCC_WARN_UNUSED_FUNCTION = YES;
				GCC_WARN_UNUSED_VARIABLE = YES;
				IPHONEOS_DEPLOYMENT_TARGET = 14.4;
				MTL_ENABLE_DEBUG_INFO = INCLUDE_SOURCE;
				MTL_FAST_MATH = YES;
				ONLY_ACTIVE_ARCH = YES;
				SDKROOT = iphoneos;
				SWIFT_ACTIVE_COMPILATION_CONDITIONS = DEBUG;
				SWIFT_OPTIMIZATION_LEVEL = "-Onone";
			};
			name = Debug;
		};
		048E2B2926A5A321009AEB13 /* Release */ = {
			isa = XCBuildConfiguration;
			buildSettings = {
				ALWAYS_SEARCH_USER_PATHS = NO;
				CLANG_ANALYZER_NONNULL = YES;
				CLANG_ANALYZER_NUMBER_OBJECT_CONVERSION = YES_AGGRESSIVE;
				CLANG_CXX_LANGUAGE_STANDARD = "gnu++14";
				CLANG_CXX_LIBRARY = "libc++";
				CLANG_ENABLE_MODULES = YES;
				CLANG_ENABLE_OBJC_ARC = YES;
				CLANG_ENABLE_OBJC_WEAK = YES;
				CLANG_WARN_BLOCK_CAPTURE_AUTORELEASING = YES;
				CLANG_WARN_BOOL_CONVERSION = YES;
				CLANG_WARN_COMMA = YES;
				CLANG_WARN_CONSTANT_CONVERSION = YES;
				CLANG_WARN_DEPRECATED_OBJC_IMPLEMENTATIONS = YES;
				CLANG_WARN_DIRECT_OBJC_ISA_USAGE = YES_ERROR;
				CLANG_WARN_DOCUMENTATION_COMMENTS = YES;
				CLANG_WARN_EMPTY_BODY = YES;
				CLANG_WARN_ENUM_CONVERSION = YES;
				CLANG_WARN_INFINITE_RECURSION = YES;
				CLANG_WARN_INT_CONVERSION = YES;
				CLANG_WARN_NON_LITERAL_NULL_CONVERSION = YES;
				CLANG_WARN_OBJC_IMPLICIT_RETAIN_SELF = YES;
				CLANG_WARN_OBJC_LITERAL_CONVERSION = YES;
				CLANG_WARN_OBJC_ROOT_CLASS = YES_ERROR;
				CLANG_WARN_QUOTED_INCLUDE_IN_FRAMEWORK_HEADER = YES;
				CLANG_WARN_RANGE_LOOP_ANALYSIS = YES;
				CLANG_WARN_STRICT_PROTOTYPES = YES;
				CLANG_WARN_SUSPICIOUS_MOVE = YES;
				CLANG_WARN_UNGUARDED_AVAILABILITY = YES_AGGRESSIVE;
				CLANG_WARN_UNREACHABLE_CODE = YES;
				CLANG_WARN__DUPLICATE_METHOD_MATCH = YES;
				COPY_PHASE_STRIP = NO;
				DEBUG_INFORMATION_FORMAT = "dwarf-with-dsym";
				ENABLE_NS_ASSERTIONS = NO;
				ENABLE_STRICT_OBJC_MSGSEND = YES;
				GCC_C_LANGUAGE_STANDARD = gnu11;
				GCC_NO_COMMON_BLOCKS = YES;
				GCC_WARN_64_TO_32_BIT_CONVERSION = YES;
				GCC_WARN_ABOUT_RETURN_TYPE = YES_ERROR;
				GCC_WARN_UNDECLARED_SELECTOR = YES;
				GCC_WARN_UNINITIALIZED_AUTOS = YES_AGGRESSIVE;
				GCC_WARN_UNUSED_FUNCTION = YES;
				GCC_WARN_UNUSED_VARIABLE = YES;
				IPHONEOS_DEPLOYMENT_TARGET = 14.4;
				MTL_ENABLE_DEBUG_INFO = NO;
				MTL_FAST_MATH = YES;
				SDKROOT = iphoneos;
				SWIFT_COMPILATION_MODE = wholemodule;
				SWIFT_OPTIMIZATION_LEVEL = "-O";
				VALIDATE_PRODUCT = YES;
			};
			name = Release;
		};
		048E2B2B26A5A321009AEB13 /* Debug */ = {
			isa = XCBuildConfiguration;
			baseConfigurationReference = C2AE75BC36BD370BC43D7588 /* Pods-Weather.debug.xcconfig */;
			buildSettings = {
				ASSETCATALOG_COMPILER_APPICON_NAME = AppIcon;
				ASSETCATALOG_COMPILER_GLOBAL_ACCENT_COLOR_NAME = AccentColor;
				CODE_SIGN_STYLE = Automatic;
				INFOPLIST_FILE = Weather/Info.plist;
				LD_RUNPATH_SEARCH_PATHS = (
					"$(inherited)",
					"@executable_path/Frameworks",
				);
				PRODUCT_BUNDLE_IDENTIFIER = Mail.ru.Weather;
				PRODUCT_NAME = "$(TARGET_NAME)";
				SWIFT_VERSION = 5.0;
				TARGETED_DEVICE_FAMILY = "1,2";
			};
			name = Debug;
		};
		048E2B2C26A5A321009AEB13 /* Release */ = {
			isa = XCBuildConfiguration;
			baseConfigurationReference = 64068A6236FE1A6123F67665 /* Pods-Weather.release.xcconfig */;
			buildSettings = {
				ASSETCATALOG_COMPILER_APPICON_NAME = AppIcon;
				ASSETCATALOG_COMPILER_GLOBAL_ACCENT_COLOR_NAME = AccentColor;
				CODE_SIGN_STYLE = Automatic;
				INFOPLIST_FILE = Weather/Info.plist;
				LD_RUNPATH_SEARCH_PATHS = (
					"$(inherited)",
					"@executable_path/Frameworks",
				);
				PRODUCT_BUNDLE_IDENTIFIER = Mail.ru.Weather;
				PRODUCT_NAME = "$(TARGET_NAME)";
				SWIFT_VERSION = 5.0;
				TARGETED_DEVICE_FAMILY = "1,2";
			};
			name = Release;
		};
/* End XCBuildConfiguration section */

/* Begin XCConfigurationList section */
		048E2B1126A5A31E009AEB13 /* Build configuration list for PBXProject "Weather" */ = {
			isa = XCConfigurationList;
			buildConfigurations = (
				048E2B2826A5A321009AEB13 /* Debug */,
				048E2B2926A5A321009AEB13 /* Release */,
			);
			defaultConfigurationIsVisible = 0;
			defaultConfigurationName = Release;
		};
		048E2B2A26A5A321009AEB13 /* Build configuration list for PBXNativeTarget "Weather" */ = {
			isa = XCConfigurationList;
			buildConfigurations = (
				048E2B2B26A5A321009AEB13 /* Debug */,
				048E2B2C26A5A321009AEB13 /* Release */,
			);
			defaultConfigurationIsVisible = 0;
			defaultConfigurationName = Release;
		};
/* End XCConfigurationList section */
	};
	rootObject = 048E2B0E26A5A31E009AEB13 /* Project object */;
}
